
Microsoft Visual Studio Solution File, Format Version 12.00
# Visual Studio Version 16
VisualStudioVersion = 16.0.30611.23
MinimumVisualStudioVersion = 10.0.40219.1
Project("{FAE04EC0-301F-11D3-BF4B-00C04F79EFBC}") = "MindfireTechnology.SimpleEmailRenderer", "MindfireTechnology.SimpleEmailRenderer\MindfireTechnology.SimpleEmailRenderer.csproj", "{2A8B18C8-63AF-4EDC-93BF-184D3F4712DD}"
EndProject
Project("{FAE04EC0-301F-11D3-BF4B-00C04F79EFBC}") = "UnitTests", "UnitTests\UnitTests.csproj", "{6E04DFFC-F84C-46CD-81C8-EACEB48D6B54}"
EndProject
Global
	GlobalSection(SolutionConfigurationPlatforms) = preSolution
		Debug|Any CPU = Debug|Any CPU
		Release|Any CPU = Release|Any CPU
	EndGlobalSection
	GlobalSection(ProjectConfigurationPlatforms) = postSolution
		{2A8B18C8-63AF-4EDC-93BF-184D3F4712DD}.Debug|Any CPU.ActiveCfg = Debug|Any CPU
		{2A8B18C8-63AF-4EDC-93BF-184D3F4712DD}.Debug|Any CPU.Build.0 = Debug|Any CPU
		{2A8B18C8-63AF-4EDC-93BF-184D3F4712DD}.Release|Any CPU.ActiveCfg = Release|Any CPU
		{2A8B18C8-63AF-4EDC-93BF-184D3F4712DD}.Release|Any CPU.Build.0 = Release|Any CPU
		{6E04DFFC-F84C-46CD-81C8-EACEB48D6B54}.Debug|Any CPU.ActiveCfg = Debug|Any CPU
		{6E04DFFC-F84C-46CD-81C8-EACEB48D6B54}.Debug|Any CPU.Build.0 = Debug|Any CPU
		{6E04DFFC-F84C-46CD-81C8-EACEB48D6B54}.Release|Any CPU.ActiveCfg = Release|Any CPU
		{6E04DFFC-F84C-46CD-81C8-EACEB48D6B54}.Release|Any CPU.Build.0 = Release|Any CPU
	EndGlobalSection
	GlobalSection(SolutionProperties) = preSolution
		HideSolutionNode = FALSE
	EndGlobalSection
	GlobalSection(ExtensibilityGlobals) = postSolution
		SolutionGuid = {5FB7A83F-4859-47B8-8E53-59C81FDE89A0}
	EndGlobalSection
EndGlobal
